
Microsoft Visual Studio Solution File, Format Version 10.00
# Visual Studio 2008
Project("{8BC9CEB8-8B4A-11D0-8D11-00A0C91BC942}") = "T04DETERM", "T04DETERM.vcproj", "{D29BF13F-1F93-407E-A624-CF51D0B063AF}"
EndProject
Global
	GlobalSection(SolutionConfigurationPlatforms) = preSolution
		Debug|Win32 = Debug|Win32
		Release|Win32 = Release|Win32
	EndGlobalSection
	GlobalSection(ProjectConfigurationPlatforms) = postSolution
		{D29BF13F-1F93-407E-A624-CF51D0B063AF}.Debug|Win32.ActiveCfg = Debug|Win32
		{D29BF13F-1F93-407E-A624-CF51D0B063AF}.Debug|Win32.Build.0 = Debug|Win32
		{D29BF13F-1F93-407E-A624-CF51D0B063AF}.Release|Win32.ActiveCfg = Release|Win32
		{D29BF13F-1F93-407E-A624-CF51D0B063AF}.Release|Win32.Build.0 = Release|Win32
	EndGlobalSection
	GlobalSection(SolutionProperties) = preSolution
		HideSolutionNode = FALSE
	EndGlobalSection
EndGlobal
