
Microsoft Visual Studio Solution File, Format Version 10.00
# Visual Studio 2008
Project("{8BC9CEB8-8B4A-11D0-8D11-00A0C91BC942}") = "T00OGL43", "T00OGL43.vcproj", "{0441C535-81E3-4F04-8CA5-8C329CBA5953}"
EndProject
Global
	GlobalSection(SolutionConfigurationPlatforms) = preSolution
		Debug|Win32 = Debug|Win32
		Release|Win32 = Release|Win32
	EndGlobalSection
	GlobalSection(ProjectConfigurationPlatforms) = postSolution
		{0441C535-81E3-4F04-8CA5-8C329CBA5953}.Debug|Win32.ActiveCfg = Debug|Win32
		{0441C535-81E3-4F04-8CA5-8C329CBA5953}.Debug|Win32.Build.0 = Debug|Win32
		{0441C535-81E3-4F04-8CA5-8C329CBA5953}.Release|Win32.ActiveCfg = Release|Win32
		{0441C535-81E3-4F04-8CA5-8C329CBA5953}.Release|Win32.Build.0 = Release|Win32
	EndGlobalSection
	GlobalSection(SolutionProperties) = preSolution
		HideSolutionNode = FALSE
	EndGlobalSection
EndGlobal
