
Microsoft Visual Studio Solution File, Format Version 10.00
# Visual Studio 2008
Project("{8BC9CEB8-8B4A-11D0-8D11-00A0C91BC942}") = "T02CLOCK", "T02CLOCK.vcproj", "{F702B647-6A91-476D-A6A6-3D1FCC4794C0}"
EndProject
Global
	GlobalSection(SolutionConfigurationPlatforms) = preSolution
		Debug|Win32 = Debug|Win32
		Release|Win32 = Release|Win32
	EndGlobalSection
	GlobalSection(ProjectConfigurationPlatforms) = postSolution
		{F702B647-6A91-476D-A6A6-3D1FCC4794C0}.Debug|Win32.ActiveCfg = Debug|Win32
		{F702B647-6A91-476D-A6A6-3D1FCC4794C0}.Debug|Win32.Build.0 = Debug|Win32
		{F702B647-6A91-476D-A6A6-3D1FCC4794C0}.Release|Win32.ActiveCfg = Release|Win32
		{F702B647-6A91-476D-A6A6-3D1FCC4794C0}.Release|Win32.Build.0 = Release|Win32
	EndGlobalSection
	GlobalSection(SolutionProperties) = preSolution
		HideSolutionNode = FALSE
	EndGlobalSection
EndGlobal
