
Microsoft Visual Studio Solution File, Format Version 10.00
# Visual Studio 2008
Project("{8BC9CEB8-8B4A-11D0-8D11-00A0C91BC942}") = "T04DETERM", "T04DETERM.vcproj", "{40A29712-BDD2-406F-9AB2-49A9DAD378BE}"
EndProject
Global
	GlobalSection(SolutionConfigurationPlatforms) = preSolution
		Debug|Win32 = Debug|Win32
		Release|Win32 = Release|Win32
	EndGlobalSection
	GlobalSection(ProjectConfigurationPlatforms) = postSolution
		{40A29712-BDD2-406F-9AB2-49A9DAD378BE}.Debug|Win32.ActiveCfg = Debug|Win32
		{40A29712-BDD2-406F-9AB2-49A9DAD378BE}.Debug|Win32.Build.0 = Debug|Win32
		{40A29712-BDD2-406F-9AB2-49A9DAD378BE}.Release|Win32.ActiveCfg = Release|Win32
		{40A29712-BDD2-406F-9AB2-49A9DAD378BE}.Release|Win32.Build.0 = Release|Win32
	EndGlobalSection
	GlobalSection(SolutionProperties) = preSolution
		HideSolutionNode = FALSE
	EndGlobalSection
EndGlobal
