
Microsoft Visual Studio Solution File, Format Version 10.00
# Visual Studio 2008
Project("{8BC9CEB8-8B4A-11D0-8D11-00A0C91BC942}") = "T07ANIM", "T07ANIM.vcproj", "{24966950-D860-4FED-B6A7-2CB72EB24B95}"
EndProject
Global
	GlobalSection(SolutionConfigurationPlatforms) = preSolution
		Debug|Win32 = Debug|Win32
		Release|Win32 = Release|Win32
	EndGlobalSection
	GlobalSection(ProjectConfigurationPlatforms) = postSolution
		{24966950-D860-4FED-B6A7-2CB72EB24B95}.Debug|Win32.ActiveCfg = Debug|Win32
		{24966950-D860-4FED-B6A7-2CB72EB24B95}.Debug|Win32.Build.0 = Debug|Win32
		{24966950-D860-4FED-B6A7-2CB72EB24B95}.Release|Win32.ActiveCfg = Release|Win32
		{24966950-D860-4FED-B6A7-2CB72EB24B95}.Release|Win32.Build.0 = Release|Win32
	EndGlobalSection
	GlobalSection(SolutionProperties) = preSolution
		HideSolutionNode = FALSE
	EndGlobalSection
EndGlobal
