
Microsoft Visual Studio Solution File, Format Version 10.00
# Visual Studio 2008
Project("{8BC9CEB8-8B4A-11D0-8D11-00A0C91BC942}") = "T01EYES", "T01EYES\T01EYES.vcproj", "{59247E2A-2AF7-4C85-B9AD-3FE20A91229E}"
EndProject
Global
	GlobalSection(SolutionConfigurationPlatforms) = preSolution
		Debug|Win32 = Debug|Win32
		Release|Win32 = Release|Win32
	EndGlobalSection
	GlobalSection(ProjectConfigurationPlatforms) = postSolution
		{59247E2A-2AF7-4C85-B9AD-3FE20A91229E}.Debug|Win32.ActiveCfg = Debug|Win32
		{59247E2A-2AF7-4C85-B9AD-3FE20A91229E}.Debug|Win32.Build.0 = Debug|Win32
		{59247E2A-2AF7-4C85-B9AD-3FE20A91229E}.Release|Win32.ActiveCfg = Release|Win32
		{59247E2A-2AF7-4C85-B9AD-3FE20A91229E}.Release|Win32.Build.0 = Release|Win32
	EndGlobalSection
	GlobalSection(SolutionProperties) = preSolution
		HideSolutionNode = FALSE
	EndGlobalSection
EndGlobal
