
Microsoft Visual Studio Solution File, Format Version 10.00
# Visual Studio 2008
Project("{8BC9CEB8-8B4A-11D0-8D11-00A0C91BC942}") = "T00PARAMS", "T00PARAMS.vcproj", "{D80883BB-681F-48B8-B2CA-410B0981A51F}"
EndProject
Global
	GlobalSection(SolutionConfigurationPlatforms) = preSolution
		Debug|Win32 = Debug|Win32
		Release|Win32 = Release|Win32
	EndGlobalSection
	GlobalSection(ProjectConfigurationPlatforms) = postSolution
		{D80883BB-681F-48B8-B2CA-410B0981A51F}.Debug|Win32.ActiveCfg = Debug|Win32
		{D80883BB-681F-48B8-B2CA-410B0981A51F}.Debug|Win32.Build.0 = Debug|Win32
		{D80883BB-681F-48B8-B2CA-410B0981A51F}.Release|Win32.ActiveCfg = Release|Win32
		{D80883BB-681F-48B8-B2CA-410B0981A51F}.Release|Win32.Build.0 = Release|Win32
	EndGlobalSection
	GlobalSection(SolutionProperties) = preSolution
		HideSolutionNode = FALSE
	EndGlobalSection
EndGlobal
