
Microsoft Visual Studio Solution File, Format Version 10.00
# Visual Studio 2008
Project("{8BC9CEB8-8B4A-11D0-8D11-00A0C91BC942}") = "T02CLOCK", "T02CLOCK.vcproj", "{70BE8A3B-006C-4574-8C6D-BFA468CBA414}"
EndProject
Global
	GlobalSection(SolutionConfigurationPlatforms) = preSolution
		Debug|Win32 = Debug|Win32
		Release|Win32 = Release|Win32
	EndGlobalSection
	GlobalSection(ProjectConfigurationPlatforms) = postSolution
		{70BE8A3B-006C-4574-8C6D-BFA468CBA414}.Debug|Win32.ActiveCfg = Debug|Win32
		{70BE8A3B-006C-4574-8C6D-BFA468CBA414}.Debug|Win32.Build.0 = Debug|Win32
		{70BE8A3B-006C-4574-8C6D-BFA468CBA414}.Release|Win32.ActiveCfg = Release|Win32
		{70BE8A3B-006C-4574-8C6D-BFA468CBA414}.Release|Win32.Build.0 = Release|Win32
	EndGlobalSection
	GlobalSection(SolutionProperties) = preSolution
		HideSolutionNode = FALSE
	EndGlobalSection
EndGlobal
