
Microsoft Visual Studio Solution File, Format Version 10.00
# Visual Studio 2008
Project("{8BC9CEB8-8B4A-11D0-8D11-00A0C91BC942}") = "T03DBLCL", "T03DBLCL\T03DBLCL.vcproj", "{4B9BA1E7-A1BA-4865-BB1F-B26CB65676B7}"
EndProject
Global
	GlobalSection(SolutionConfigurationPlatforms) = preSolution
		Debug|Win32 = Debug|Win32
		Release|Win32 = Release|Win32
	EndGlobalSection
	GlobalSection(ProjectConfigurationPlatforms) = postSolution
		{4B9BA1E7-A1BA-4865-BB1F-B26CB65676B7}.Debug|Win32.ActiveCfg = Debug|Win32
		{4B9BA1E7-A1BA-4865-BB1F-B26CB65676B7}.Debug|Win32.Build.0 = Debug|Win32
		{4B9BA1E7-A1BA-4865-BB1F-B26CB65676B7}.Release|Win32.ActiveCfg = Release|Win32
		{4B9BA1E7-A1BA-4865-BB1F-B26CB65676B7}.Release|Win32.Build.0 = Release|Win32
	EndGlobalSection
	GlobalSection(SolutionProperties) = preSolution
		HideSolutionNode = FALSE
	EndGlobalSection
EndGlobal
